hash: 3a2e9717463a15261145d8d9c8d30f03e3a7bf13e8903eacf0742f9e8daaa42b
updated: 2018-01-26T15:01:06.897272549+11:00
imports:
- name: github.com/alecthomas/participle
  version: 48f3ab340563c5a91f83efdc0dc3f14f5d9364a2
  subpackages:
  - lexer
- name: github.com/go-test/deep
  version: 9898238679c264cfb10411539f14a0553dc8b295
- name: golang.org/x/exp
  version: 072991165226c11c888c881218850e8318c2b32e
  subpackages:
  - ebnf
testImports: []
