hash: 71267a0713b4dae9e335cf8ff7626719e9ebefc7c0dc321f74776ec9eca11750
updated: 2018-01-26T22:50:21.51033116+11:00
imports:
- name: github.com/alecthomas/participle
  version: 48f3ab340563c5a91f83efdc0dc3f14f5d9364a2
  subpackages:
  - lexer
- name: github.com/d4l3k/turtle
  version: d733e60f04b555a9e6f1903ca6ab767fa880d709
- name: github.com/go-test/deep
  version: 9898238679c264cfb10411539f14a0553dc8b295
- name: golang.org/x/exp
  version: 072991165226c11c888c881218850e8318c2b32e
  subpackages:
  - ebnf
testImports: []
